schema: '2.0'
stages:
  extract_metadata:
    cmd:
    - echo "STAGE I"
    - rm data/raw_metadata.xlsx || true
    - python src/data/extract_metadata.py
    deps:
    - path: data/raw
      hash: md5
      md5: 776e4b24b55ef408ffd324a3e6cfcd57.dir
      size: 51636608570
      nfiles: 210
    - path: src/data/extract_metadata.py
      hash: md5
      md5: 704b2c1e901c98be0b9b546837022b79
      size: 4063
    outs:
    - path: data/raw_metadata.xlsx
      hash: md5
      md5: e0188b2e190e1327aac98f8838cda94d
      size: 17908
  dicoms_to_rgb:
    cmd:
    - rm -rf data/sly_input_rgb || true
    - python src/data/convert_dicoms.py to_gray=false save_dir=data/sly_input_rgb
    deps:
    - path: data/raw_metadata.xlsx
      hash: md5
      md5: e0188b2e190e1327aac98f8838cda94d
      size: 17908
    - path: src/data/convert_dicoms.py
      hash: md5
      md5: ea358e56de262f2b5024ab2d76bd3ce4
      size: 4486
    outs:
    - path: data/sly_input_rgb
      hash: md5
      md5: 405e97e95a7138500e771dd69d56519b.dir
      size: 23240758188
      nfiles: 25698
  dicoms_to_grayscale:
    cmd:
    - rm -rf data/sly_input_gray || true
    - python src/data/convert_dicoms.py to_gray=true save_dir=data/sly_input_gray
    deps:
    - path: data/raw_metadata.xlsx
      hash: md5
      md5: e0188b2e190e1327aac98f8838cda94d
      size: 17908
    - path: src/data/convert_dicoms.py
      hash: md5
      md5: ea358e56de262f2b5024ab2d76bd3ce4
      size: 4486
    outs:
    - path: data/sly_input_gray
      hash: md5
      md5: df209b549a4c8d5726c2ac792a9c0c2e.dir
      size: 6279185933
      nfiles: 25698
  stack_images:
    cmd:
    - rm -rf data/sly_input || true
    - python src/data/stack_images.py output_type=video save_dir=data/sly_input
    deps:
    - path: data/sly_input_gray
      hash: md5
      md5: df209b549a4c8d5726c2ac792a9c0c2e.dir
      size: 6279185933
      nfiles: 25698
    - path: data/sly_input_rgb
      hash: md5
      md5: 405e97e95a7138500e771dd69d56519b.dir
      size: 23240758188
      nfiles: 25698
    - path: src/data/stack_images.py
      hash: md5
      md5: 72f001c3e0758d0d93f89d4dc5e03978
      size: 4802
    outs:
    - path: data/sly_input
      hash: md5
      md5: 6a9dd1489fd0c7b0bd87cfc52288c3b7.dir
      size: 2161497267
      nfiles: 103
  remove_images:
    cmd:
    - rm -rf data/sly_input_rgb || true
    - rm -rf data/sly_input_gray || true
    deps:
    - path: data/sly_input
      hash: md5
      md5: 6a9dd1489fd0c7b0bd87cfc52288c3b7.dir
      size: 2161497267
      nfiles: 103
  sly_to_int:
    cmd:
    - echo "STAGE II"
    - rm -rf data/interim || true
    - python src/data/convert_sly_to_int.py
    deps:
    - path: data/sly_input
      hash: md5
      md5: 6a9dd1489fd0c7b0bd87cfc52288c3b7.dir
      size: 2161497267
      nfiles: 103
    - path: data/sly_output
      hash: md5
      md5: 882948481196011164b8e9e98f9bea99.dir
      size: 2790693579
      nfiles: 209
    - path: src/data/convert_sly_to_int.py
      hash: md5
      md5: e8a1e14f8b52947adbc5d5f845f63a6f
      size: 9334
    outs:
    - path: data/interim
      hash: md5
      md5: 37f226fd3329e05f7da5c90adba1149f.dir
      size: 21943334418
      nfiles: 25699
  int_to_cv:
    cmd:
    - rm -rf data/cv || true
    - python src/data/convert_int_to_cv.py
    deps:
    - path: data/interim
      hash: md5
      md5: 37f226fd3329e05f7da5c90adba1149f.dir
      size: 21943334418
      nfiles: 25699
    - path: data/interim/metadata.xlsx
      hash: md5
      md5: 4064828f5fa205b0573e3a7096adfb78
      size: 37278373
    - path: src/data/convert_int_to_cv.py
      hash: md5
      md5: f66d323cedb01e77f5cd4f75baf233ba
      size: 5009
    outs:
    - path: data/cv
      hash: md5
      md5: 3fa5b1133564ad1338b1054fc629b2ea.dir
      size: 16869227783
      nfiles: 57868
